
Microsoft Visual Studio Solution File, Format Version 12.00
Project("{FAE04EC0-301F-11D3-BF4B-00C04F79EFBC}") = "AsyncDemo", "AsyncDemo\AsyncDemo.csproj", "{6368BDBD-BF4D-4718-B6A6-DA92CE63950C}"
EndProject
Global
	GlobalSection(SolutionConfigurationPlatforms) = preSolution
		Debug|Any CPU = Debug|Any CPU
		Release|Any CPU = Release|Any CPU
	EndGlobalSection
	GlobalSection(ProjectConfigurationPlatforms) = postSolution
		{6368BDBD-BF4D-4718-B6A6-DA92CE63950C}.Debug|Any CPU.ActiveCfg = Debug|Any CPU
		{6368BDBD-BF4D-4718-B6A6-DA92CE63950C}.Debug|Any CPU.Build.0 = Debug|Any CPU
		{6368BDBD-BF4D-4718-B6A6-DA92CE63950C}.Release|Any CPU.ActiveCfg = Release|Any CPU
		{6368BDBD-BF4D-4718-B6A6-DA92CE63950C}.Release|Any CPU.Build.0 = Release|Any CPU
	EndGlobalSection
EndGlobal
