
Microsoft Visual Studio Solution File, Format Version 12.00
Project("{FAE04EC0-301F-11D3-BF4B-00C04F79EFBC}") = "Calculator", "Calculator\Calculator.csproj", "{60AD580F-6A72-4009-808F-34E43E0A969E}"
EndProject
Project("{FAE04EC0-301F-11D3-BF4B-00C04F79EFBC}") = "Calculator.Tests", "Calculator.Tests\Calculator.Tests.csproj", "{AB2A03C7-3D29-4EEA-8A12-6C372308E95E}"
EndProject
Global
	GlobalSection(SolutionConfigurationPlatforms) = preSolution
		Debug|Any CPU = Debug|Any CPU
		Release|Any CPU = Release|Any CPU
	EndGlobalSection
	GlobalSection(ProjectConfigurationPlatforms) = postSolution
		{60AD580F-6A72-4009-808F-34E43E0A969E}.Debug|Any CPU.ActiveCfg = Debug|Any CPU
		{60AD580F-6A72-4009-808F-34E43E0A969E}.Debug|Any CPU.Build.0 = Debug|Any CPU
		{60AD580F-6A72-4009-808F-34E43E0A969E}.Release|Any CPU.ActiveCfg = Release|Any CPU
		{60AD580F-6A72-4009-808F-34E43E0A969E}.Release|Any CPU.Build.0 = Release|Any CPU
		{AB2A03C7-3D29-4EEA-8A12-6C372308E95E}.Debug|Any CPU.ActiveCfg = Debug|Any CPU
		{AB2A03C7-3D29-4EEA-8A12-6C372308E95E}.Debug|Any CPU.Build.0 = Debug|Any CPU
		{AB2A03C7-3D29-4EEA-8A12-6C372308E95E}.Release|Any CPU.ActiveCfg = Release|Any CPU
		{AB2A03C7-3D29-4EEA-8A12-6C372308E95E}.Release|Any CPU.Build.0 = Release|Any CPU
	EndGlobalSection
EndGlobal
